github.com/ondrejsika/gosendmail v0.0.0-20201126153739-44e2997fc207 h1:h2RxyX1KLPIWTzikqNS+VrybXIvQAUBtTrwWD174lOg=
github.com/ondrejsika/gosendmail v0.0.0-20201126153739-44e2997fc207/go.mod h1:dDI+roxX0VEWSwPJYPGWIa3+8SdAWR5AX4JocFKNQAo=
github.com/ondrejsika/gosendmail v0.1.0 h1:lcLjPlL5+VXYpQN0W/aSLgrur3Wug7p57FEnsapvWOo=
github.com/ondrejsika/gosendmail v0.1.0/go.mod h1:dDI+roxX0VEWSwPJYPGWIa3+8SdAWR5AX4JocFKNQAo=
